
Microsoft Visual Studio Solution File, Format Version 12.00
# Visual Studio 2013
VisualStudioVersion = 12.0.21005.1
MinimumVisualStudioVersion = 10.0.40219.1
Project("{8BC9CEB8-8B4A-11D0-8D11-00A0C91BC942}") = "exercise_1.9", "exercise_1.9\exercise_1.9.vcxproj", "{D73FD63B-C512-4576-988E-734C018EFD0F}"
EndProject
Global
	GlobalSection(SolutionConfigurationPlatforms) = preSolution
		Debug|Win32 = Debug|Win32
		Release|Win32 = Release|Win32
	EndGlobalSection
	GlobalSection(ProjectConfigurationPlatforms) = postSolution
		{D73FD63B-C512-4576-988E-734C018EFD0F}.Debug|Win32.ActiveCfg = Debug|Win32
		{D73FD63B-C512-4576-988E-734C018EFD0F}.Debug|Win32.Build.0 = Debug|Win32
		{D73FD63B-C512-4576-988E-734C018EFD0F}.Release|Win32.ActiveCfg = Release|Win32
		{D73FD63B-C512-4576-988E-734C018EFD0F}.Release|Win32.Build.0 = Release|Win32
	EndGlobalSection
	GlobalSection(SolutionProperties) = preSolution
		HideSolutionNode = FALSE
	EndGlobalSection
EndGlobal
